
Microsoft Visual Studio Solution File, Format Version 12.00
# Visual Studio Version 17
VisualStudioVersion = 17.9.34728.123
MinimumVisualStudioVersion = 10.0.40219.1
Project("{FAE04EC0-301F-11D3-BF4B-00C04F79EFBC}") = "MyPokemonApplication", "MyPokemonApplication\MyPokemonApplication.csproj", "{56E187F3-5AAD-4B87-9039-C59E7A838F9B}"
EndProject
Global
	GlobalSection(SolutionConfigurationPlatforms) = preSolution
		Debug|Any CPU = Debug|Any CPU
		Release|Any CPU = Release|Any CPU
	EndGlobalSection
	GlobalSection(ProjectConfigurationPlatforms) = postSolution
		{56E187F3-5AAD-4B87-9039-C59E7A838F9B}.Debug|Any CPU.ActiveCfg = Debug|Any CPU
		{56E187F3-5AAD-4B87-9039-C59E7A838F9B}.Debug|Any CPU.Build.0 = Debug|Any CPU
		{56E187F3-5AAD-4B87-9039-C59E7A838F9B}.Release|Any CPU.ActiveCfg = Release|Any CPU
		{56E187F3-5AAD-4B87-9039-C59E7A838F9B}.Release|Any CPU.Build.0 = Release|Any CPU
	EndGlobalSection
	GlobalSection(SolutionProperties) = preSolution
		HideSolutionNode = FALSE
	EndGlobalSection
	GlobalSection(ExtensibilityGlobals) = postSolution
		SolutionGuid = {178A1648-5446-4991-86E5-6746C48C3C1A}
	EndGlobalSection
EndGlobal
